
Microsoft Visual Studio Solution File, Format Version 12.00
# Visual Studio 15
VisualStudioVersion = 15.0.27703.2042
MinimumVisualStudioVersion = 10.0.40219.1
Project("{FAE04EC0-301F-11D3-BF4B-00C04F79EFBC}") = "HexCharacterInput", "HexCharacterInput\HexCharacterInput.csproj", "{0F8440FF-0B30-4B84-94E3-77298330FFB6}"
EndProject
Global
	GlobalSection(SolutionConfigurationPlatforms) = preSolution
		Debug|Any CPU = Debug|Any CPU
		Release|Any CPU = Release|Any CPU
	EndGlobalSection
	GlobalSection(ProjectConfigurationPlatforms) = postSolution
		{0F8440FF-0B30-4B84-94E3-77298330FFB6}.Debug|Any CPU.ActiveCfg = Debug|Any CPU
		{0F8440FF-0B30-4B84-94E3-77298330FFB6}.Debug|Any CPU.Build.0 = Debug|Any CPU
		{0F8440FF-0B30-4B84-94E3-77298330FFB6}.Release|Any CPU.ActiveCfg = Release|Any CPU
		{0F8440FF-0B30-4B84-94E3-77298330FFB6}.Release|Any CPU.Build.0 = Release|Any CPU
	EndGlobalSection
	GlobalSection(SolutionProperties) = preSolution
		HideSolutionNode = FALSE
	EndGlobalSection
	GlobalSection(ExtensibilityGlobals) = postSolution
		SolutionGuid = {980D665A-8617-4736-A8F4-27FCAADB4396}
	EndGlobalSection
EndGlobal
